
Microsoft Visual Studio Solution File, Format Version 10.00
# Visual Studio 2008
Project("{FAE04EC0-301F-11D3-BF4B-00C04F79EFBC}") = "TestLog", "TestLog\TestLog.csproj", "{D00B8303-729E-466C-8CE6-93A2CF1DB3F0}"
EndProject
Global
	GlobalSection(SolutionConfigurationPlatforms) = preSolution
		Debug|Any CPU = Debug|Any CPU
		Release|Any CPU = Release|Any CPU
	EndGlobalSection
	GlobalSection(ProjectConfigurationPlatforms) = postSolution
		{D00B8303-729E-466C-8CE6-93A2CF1DB3F0}.Debug|Any CPU.ActiveCfg = Debug|Any CPU
		{D00B8303-729E-466C-8CE6-93A2CF1DB3F0}.Debug|Any CPU.Build.0 = Debug|Any CPU
		{D00B8303-729E-466C-8CE6-93A2CF1DB3F0}.Release|Any CPU.ActiveCfg = Release|Any CPU
		{D00B8303-729E-466C-8CE6-93A2CF1DB3F0}.Release|Any CPU.Build.0 = Release|Any CPU
	EndGlobalSection
	GlobalSection(SolutionProperties) = preSolution
		HideSolutionNode = FALSE
	EndGlobalSection
EndGlobal
