
Microsoft Visual Studio Solution File, Format Version 9.00
# Visual Studio 2005
Project("{FAE04EC0-301F-11D3-BF4B-00C04F79EFBC}") = "prime", "prime\prime.csproj", "{59B50F03-6E1D-4588-AD6E-85CE8281D60E}"
EndProject
Global
	GlobalSection(SolutionConfigurationPlatforms) = preSolution
		Debug|Any CPU = Debug|Any CPU
		Release|Any CPU = Release|Any CPU
	EndGlobalSection
	GlobalSection(ProjectConfigurationPlatforms) = postSolution
		{59B50F03-6E1D-4588-AD6E-85CE8281D60E}.Debug|Any CPU.ActiveCfg = Debug|Any CPU
		{59B50F03-6E1D-4588-AD6E-85CE8281D60E}.Debug|Any CPU.Build.0 = Debug|Any CPU
		{59B50F03-6E1D-4588-AD6E-85CE8281D60E}.Release|Any CPU.ActiveCfg = Release|Any CPU
		{59B50F03-6E1D-4588-AD6E-85CE8281D60E}.Release|Any CPU.Build.0 = Release|Any CPU
	EndGlobalSection
	GlobalSection(SolutionProperties) = preSolution
		HideSolutionNode = FALSE
	EndGlobalSection
EndGlobal
